// !$*UTF8*$!
{
	archiveVersion = 1;
	classes = {
	};
	objectVersion = 46;
	objects = {

/* Begin PBXBuildFile section */
		8FA6B3491408F30200B2476E /* Foundation.framework in Frameworks */ = {isa = PBXBuildFile; fileRef = 8FA6B3481408F30200B2476E /* Foundation.framework */; };
		8FA6B34C1408F30200B2476E /* main.m in Sources */ = {isa = PBXBuildFile; fileRef = 8FA6B34B1408F30200B2476E /* main.m */; };
		8FA6B3501408F30200B2476E /* GTFSImporter.1 in CopyFiles */ = {isa = PBXBuildFile; fileRef = 8FA6B34F1408F30200B2476E /* GTFSImporter.1 */; };
		8FA6B3571408F32400B2476E /* libsqlite3.dylib in Frameworks */ = {isa = PBXBuildFile; fileRef = 8FA6B3561408F32400B2476E /* libsqlite3.dylib */; };
		8FA6B35A1408F34E00B2476E /* CSVImporter.m in Sources */ = {isa = PBXBuildFile; fileRef = 8FA6B3591408F34E00B2476E /* CSVImporter.m */; };
		8FA6B3681408F3B500B2476E /* CSVParser.m in Sources */ = {isa = PBXBuildFile; fileRef = 8FA6B35F1408F3B500B2476E /* CSVParser.m */; };
		8FA6B3691408F3B500B2476E /* FMDatabase.m in Sources */ = {isa = PBXBuildFile; fileRef = 8FA6B3621408F3B500B2476E /* FMDatabase.m */; };
		8FA6B36A1408F3B500B2476E /* FMDatabaseAdditions.m in Sources */ = {isa = PBXBuildFile; fileRef = 8FA6B3641408F3B500B2476E /* FMDatabaseAdditions.m */; };
		8FA6B36B1408F3B500B2476E /* fmdb.m in Sources */ = {isa = PBXBuildFile; fileRef = 8FA6B3651408F3B500B2476E /* fmdb.m */; };
		8FA6B36C1408F3B500B2476E /* FMResultSet.m in Sources */ = {isa = PBXBuildFile; fileRef = 8FA6B3671408F3B500B2476E /* FMResultSet.m */; };
		8FA6B37F1408F3FC00B2476E /* Agency.m in Sources */ = {isa = PBXBuildFile; fileRef = 8FA6B36E1408F3FC00B2476E /* Agency.m */; };
		8FA6B3801408F3FC00B2476E /* Calendar.m in Sources */ = {isa = PBXBuildFile; fileRef = 8FA6B3701408F3FC00B2476E /* Calendar.m */; };
		8FA6B3811408F3FC00B2476E /* FareAttributes.m in Sources */ = {isa = PBXBuildFile; fileRef = 8FA6B3721408F3FC00B2476E /* FareAttributes.m */; };
		8FA6B3821408F3FC00B2476E /* FareRules.m in Sources */ = {isa = PBXBuildFile; fileRef = 8FA6B3741408F3FC00B2476E /* FareRules.m */; };
		8FA6B3831408F3FC00B2476E /* Route.m in Sources */ = {isa = PBXBuildFile; fileRef = 8FA6B3761408F3FC00B2476E /* Route.m */; };
		8FA6B3841408F3FC00B2476E /* Stop.m in Sources */ = {isa = PBXBuildFile; fileRef = 8FA6B3781408F3FC00B2476E /* Stop.m */; };
		8FA6B3851408F3FC00B2476E /* StopTime.m in Sources */ = {isa = PBXBuildFile; fileRef = 8FA6B37A1408F3FC00B2476E /* StopTime.m */; };
		8FA6B3861408F3FC00B2476E /* Transformations.m in Sources */ = {isa = PBXBuildFile; fileRef = 8FA6B37C1408F3FC00B2476E /* Transformations.m */; };
		8FA6B3871408F3FC00B2476E /* Trip.m in Sources */ = {isa = PBXBuildFile; fileRef = 8FA6B37E1408F3FC00B2476E /* Trip.m */; };
		8FA6B3941408F90800B2476E /* agency.txt in Resources */ = {isa = PBXBuildFile; fileRef = 8FA6B38B1408F5AC00B2476E /* agency.txt */; };
		8FA6B3951408F90800B2476E /* calendar.txt in Resources */ = {isa = PBXBuildFile; fileRef = 8FA6B38C1408F5AC00B2476E /* calendar.txt */; };
		8FA6B3961408F90800B2476E /* fare_attributes.txt in Resources */ = {isa = PBXBuildFile; fileRef = 8FA6B38D1408F5AC00B2476E /* fare_attributes.txt */; };
		8FA6B3971408F90800B2476E /* fare_rules.txt in Resources */ = {isa = PBXBuildFile; fileRef = 8FA6B38E1408F5AC00B2476E /* fare_rules.txt */; };
		8FA6B3981408F90800B2476E /* routes.txt in Resources */ = {isa = PBXBuildFile; fileRef = 8FA6B38F1408F5AC00B2476E /* routes.txt */; };
		8FA6B3991408F90800B2476E /* stop_times.txt in Resources */ = {isa = PBXBuildFile; fileRef = 8FA6B3901408F5AC00B2476E /* stop_times.txt */; };
		8FA6B39A1408F90800B2476E /* stops.txt in Resources */ = {isa = PBXBuildFile; fileRef = 8FA6B3911408F5AC00B2476E /* stops.txt */; };
		8FA6B39B1408F90800B2476E /* trips.txt in Resources */ = {isa = PBXBuildFile; fileRef = 8FA6B3921408F5AC00B2476E /* trips.txt */; };
/* End PBXBuildFile section */

/* Begin PBXCopyFilesBuildPhase section */
		8FA6B3421408F30200B2476E /* CopyFiles */ = {
			isa = PBXCopyFilesBuildPhase;
			buildActionMask = 2147483647;
			dstPath = /usr/share/man/man1/;
			dstSubfolderSpec = 0;
			files = (
				8FA6B3501408F30200B2476E /* GTFSImporter.1 in CopyFiles */,
			);
			runOnlyForDeploymentPostprocessing = 1;
		};
/* End PBXCopyFilesBuildPhase section */

/* Begin PBXFileReference section */
		8FA6B3441408F30200B2476E /* GTFSImporter */ = {isa = PBXFileReference; explicitFileType = "compiled.mach-o.executable"; includeInIndex = 0; path = GTFSImporter; sourceTree = BUILT_PRODUCTS_DIR; };
		8FA6B3481408F30200B2476E /* Foundation.framework */ = {isa = PBXFileReference; lastKnownFileType = wrapper.framework; name = Foundation.framework; path = System/Library/Frameworks/Foundation.framework; sourceTree = SDKROOT; };
		8FA6B34B1408F30200B2476E /* main.m */ = {isa = PBXFileReference; lastKnownFileType = sourcecode.c.objc; path = main.m; sourceTree = "<group>"; };
		8FA6B34E1408F30200B2476E /* GTFSImporter-Prefix.pch */ = {isa = PBXFileReference; lastKnownFileType = sourcecode.c.h; path = "GTFSImporter-Prefix.pch"; sourceTree = "<group>"; };
		8FA6B34F1408F30200B2476E /* GTFSImporter.1 */ = {isa = PBXFileReference; lastKnownFileType = text.man; path = GTFSImporter.1; sourceTree = "<group>"; };
		8FA6B3561408F32400B2476E /* libsqlite3.dylib */ = {isa = PBXFileReference; lastKnownFileType = "compiled.mach-o.dylib"; name = libsqlite3.dylib; path = usr/lib/libsqlite3.dylib; sourceTree = SDKROOT; };
		8FA6B3581408F34E00B2476E /* CSVImporter.h */ = {isa = PBXFileReference; fileEncoding = 4; lastKnownFileType = sourcecode.c.h; path = CSVImporter.h; sourceTree = "<group>"; };
		8FA6B3591408F34E00B2476E /* CSVImporter.m */ = {isa = PBXFileReference; fileEncoding = 4; lastKnownFileType = sourcecode.c.objc; path = CSVImporter.m; sourceTree = "<group>"; };
		8FA6B35E1408F3B500B2476E /* CSVParser.h */ = {isa = PBXFileReference; fileEncoding = 4; lastKnownFileType = sourcecode.c.h; path = CSVParser.h; sourceTree = "<group>"; };
		8FA6B35F1408F3B500B2476E /* CSVParser.m */ = {isa = PBXFileReference; fileEncoding = 4; lastKnownFileType = sourcecode.c.objc; path = CSVParser.m; sourceTree = "<group>"; };
		8FA6B3611408F3B500B2476E /* FMDatabase.h */ = {isa = PBXFileReference; fileEncoding = 4; lastKnownFileType = sourcecode.c.h; path = FMDatabase.h; sourceTree = "<group>"; };
		8FA6B3621408F3B500B2476E /* FMDatabase.m */ = {isa = PBXFileReference; fileEncoding = 4; lastKnownFileType = sourcecode.c.objc; path = FMDatabase.m; sourceTree = "<group>"; };
		8FA6B3631408F3B500B2476E /* FMDatabaseAdditions.h */ = {isa = PBXFileReference; fileEncoding = 4; lastKnownFileType = sourcecode.c.h; path = FMDatabaseAdditions.h; sourceTree = "<group>"; };
		8FA6B3641408F3B500B2476E /* FMDatabaseAdditions.m */ = {isa = PBXFileReference; fileEncoding = 4; lastKnownFileType = sourcecode.c.objc; path = FMDatabaseAdditions.m; sourceTree = "<group>"; };
		8FA6B3651408F3B500B2476E /* fmdb.m */ = {isa = PBXFileReference; fileEncoding = 4; lastKnownFileType = sourcecode.c.objc; path = fmdb.m; sourceTree = "<group>"; };
		8FA6B3661408F3B500B2476E /* FMResultSet.h */ = {isa = PBXFileReference; fileEncoding = 4; lastKnownFileType = sourcecode.c.h; path = FMResultSet.h; sourceTree = "<group>"; };
		8FA6B3671408F3B500B2476E /* FMResultSet.m */ = {isa = PBXFileReference; fileEncoding = 4; lastKnownFileType = sourcecode.c.objc; path = FMResultSet.m; sourceTree = "<group>"; };
		8FA6B36D1408F3FC00B2476E /* Agency.h */ = {isa = PBXFileReference; fileEncoding = 4; lastKnownFileType = sourcecode.c.h; path = Agency.h; sourceTree = "<group>"; };
		8FA6B36E1408F3FC00B2476E /* Agency.m */ = {isa = PBXFileReference; fileEncoding = 4; lastKnownFileType = sourcecode.c.objc; path = Agency.m; sourceTree = "<group>"; };
		8FA6B36F1408F3FC00B2476E /* Calendar.h */ = {isa = PBXFileReference; fileEncoding = 4; lastKnownFileType = sourcecode.c.h; path = Calendar.h; sourceTree = "<group>"; };
		8FA6B3701408F3FC00B2476E /* Calendar.m */ = {isa = PBXFileReference; fileEncoding = 4; lastKnownFileType = sourcecode.c.objc; path = Calendar.m; sourceTree = "<group>"; };
		8FA6B3711408F3FC00B2476E /* FareAttributes.h */ = {isa = PBXFileReference; fileEncoding = 4; lastKnownFileType = sourcecode.c.h; path = FareAttributes.h; sourceTree = "<group>"; };
		8FA6B3721408F3FC00B2476E /* FareAttributes.m */ = {isa = PBXFileReference; fileEncoding = 4; lastKnownFileType = sourcecode.c.objc; path = FareAttributes.m; sourceTree = "<group>"; };
		8FA6B3731408F3FC00B2476E /* FareRules.h */ = {isa = PBXFileReference; fileEncoding = 4; lastKnownFileType = sourcecode.c.h; path = FareRules.h; sourceTree = "<group>"; };
		8FA6B3741408F3FC00B2476E /* FareRules.m */ = {isa = PBXFileReference; fileEncoding = 4; lastKnownFileType = sourcecode.c.objc; path = FareRules.m; sourceTree = "<group>"; };
		8FA6B3751408F3FC00B2476E /* Route.h */ = {isa = PBXFileReference; fileEncoding = 4; lastKnownFileType = sourcecode.c.h; path = Route.h; sourceTree = "<group>"; };
		8FA6B3761408F3FC00B2476E /* Route.m */ = {isa = PBXFileReference; fileEncoding = 4; lastKnownFileType = sourcecode.c.objc; path = Route.m; sourceTree = "<group>"; };
		8FA6B3771408F3FC00B2476E /* Stop.h */ = {isa = PBXFileReference; fileEncoding = 4; lastKnownFileType = sourcecode.c.h; path = Stop.h; sourceTree = "<group>"; };
		8FA6B3781408F3FC00B2476E /* Stop.m */ = {isa = PBXFileReference; fileEncoding = 4; lastKnownFileType = sourcecode.c.objc; path = Stop.m; sourceTree = "<group>"; };
		8FA6B3791408F3FC00B2476E /* StopTime.h */ = {isa = PBXFileReference; fileEncoding = 4; lastKnownFileType = sourcecode.c.h; path = StopTime.h; sourceTree = "<group>"; };
		8FA6B37A1408F3FC00B2476E /* StopTime.m */ = {isa = PBXFileReference; fileEncoding = 4; lastKnownFileType = sourcecode.c.objc; path = StopTime.m; sourceTree = "<group>"; };
		8FA6B37B1408F3FC00B2476E /* Transformations.h */ = {isa = PBXFileReference; fileEncoding = 4; lastKnownFileType = sourcecode.c.h; path = Transformations.h; sourceTree = "<group>"; };
		8FA6B37C1408F3FC00B2476E /* Transformations.m */ = {isa = PBXFileReference; fileEncoding = 4; lastKnownFileType = sourcecode.c.objc; path = Transformations.m; sourceTree = "<group>"; };
		8FA6B37D1408F3FC00B2476E /* Trip.h */ = {isa = PBXFileReference; fileEncoding = 4; lastKnownFileType = sourcecode.c.h; path = Trip.h; sourceTree = "<group>"; };
		8FA6B37E1408F3FC00B2476E /* Trip.m */ = {isa = PBXFileReference; fileEncoding = 4; lastKnownFileType = sourcecode.c.objc; path = Trip.m; sourceTree = "<group>"; };
		8FA6B38B1408F5AC00B2476E /* agency.txt */ = {isa = PBXFileReference; fileEncoding = 4; lastKnownFileType = text; path = agency.txt; sourceTree = "<group>"; };
		8FA6B38C1408F5AC00B2476E /* calendar.txt */ = {isa = PBXFileReference; fileEncoding = 4; lastKnownFileType = text; path = calendar.txt; sourceTree = "<group>"; };
		8FA6B38D1408F5AC00B2476E /* fare_attributes.txt */ = {isa = PBXFileReference; fileEncoding = 4; lastKnownFileType = text; path = fare_attributes.txt; sourceTree = "<group>"; };
		8FA6B38E1408F5AC00B2476E /* fare_rules.txt */ = {isa = PBXFileReference; fileEncoding = 4; lastKnownFileType = text; path = fare_rules.txt; sourceTree = "<group>"; };
		8FA6B38F1408F5AC00B2476E /* routes.txt */ = {isa = PBXFileReference; fileEncoding = 4; lastKnownFileType = text; path = routes.txt; sourceTree = "<group>"; };
		8FA6B3901408F5AC00B2476E /* stop_times.txt */ = {isa = PBXFileReference; fileEncoding = 4; lastKnownFileType = text; path = stop_times.txt; sourceTree = "<group>"; };
		8FA6B3911408F5AC00B2476E /* stops.txt */ = {isa = PBXFileReference; fileEncoding = 4; lastKnownFileType = text; path = stops.txt; sourceTree = "<group>"; };
		8FA6B3921408F5AC00B2476E /* trips.txt */ = {isa = PBXFileReference; fileEncoding = 4; lastKnownFileType = text; path = trips.txt; sourceTree = "<group>"; };
/* End PBXFileReference section */

/* Begin PBXFrameworksBuildPhase section */
		8FA6B3411408F30200B2476E /* Frameworks */ = {
			isa = PBXFrameworksBuildPhase;
			buildActionMask = 2147483647;
			files = (
				8FA6B3571408F32400B2476E /* libsqlite3.dylib in Frameworks */,
				8FA6B3491408F30200B2476E /* Foundation.framework in Frameworks */,
			);
			runOnlyForDeploymentPostprocessing = 0;
		};
/* End PBXFrameworksBuildPhase section */

/* Begin PBXGroup section */
		8FA6B3391408F30200B2476E = {
			isa = PBXGroup;
			children = (
				8FA6B34A1408F30200B2476E /* GTFSImporter */,
				8FA6B38A1408F58900B2476E /* Resources */,
				8FA6B35C1408F3B500B2476E /* Libraries */,
				8FA6B3471408F30200B2476E /* Frameworks */,
				8FA6B3451408F30200B2476E /* Products */,
			);
			sourceTree = "<group>";
		};
		8FA6B3451408F30200B2476E /* Products */ = {
			isa = PBXGroup;
			children = (
				8FA6B3441408F30200B2476E /* GTFSImporter */,
			);
			name = Products;
			sourceTree = "<group>";
		};
		8FA6B3471408F30200B2476E /* Frameworks */ = {
			isa = PBXGroup;
			children = (
				8FA6B3561408F32400B2476E /* libsqlite3.dylib */,
				8FA6B3481408F30200B2476E /* Foundation.framework */,
			);
			name = Frameworks;
			sourceTree = "<group>";
		};
		8FA6B34A1408F30200B2476E /* GTFSImporter */ = {
			isa = PBXGroup;
			children = (
				8FA6B3881408F40500B2476E /* Model */,
				8FA6B3581408F34E00B2476E /* CSVImporter.h */,
				8FA6B3591408F34E00B2476E /* CSVImporter.m */,
				8FA6B34B1408F30200B2476E /* main.m */,
				8FA6B34F1408F30200B2476E /* GTFSImporter.1 */,
				8FA6B34D1408F30200B2476E /* Supporting Files */,
			);
			path = GTFSImporter;
			sourceTree = "<group>";
		};
		8FA6B34D1408F30200B2476E /* Supporting Files */ = {
			isa = PBXGroup;
			children = (
				8FA6B34E1408F30200B2476E /* GTFSImporter-Prefix.pch */,
			);
			name = "Supporting Files";
			sourceTree = "<group>";
		};
		8FA6B35C1408F3B500B2476E /* Libraries */ = {
			isa = PBXGroup;
			children = (
				8FA6B35D1408F3B500B2476E /* CSVParser */,
				8FA6B3601408F3B500B2476E /* SQLite */,
			);
			name = Libraries;
			path = GTFSImporter/Libraries;
			sourceTree = "<group>";
		};
		8FA6B35D1408F3B500B2476E /* CSVParser */ = {
			isa = PBXGroup;
			children = (
				8FA6B35E1408F3B500B2476E /* CSVParser.h */,
				8FA6B35F1408F3B500B2476E /* CSVParser.m */,
			);
			path = CSVParser;
			sourceTree = "<group>";
		};
		8FA6B3601408F3B500B2476E /* SQLite */ = {
			isa = PBXGroup;
			children = (
				8FA6B3611408F3B500B2476E /* FMDatabase.h */,
				8FA6B3621408F3B500B2476E /* FMDatabase.m */,
				8FA6B3631408F3B500B2476E /* FMDatabaseAdditions.h */,
				8FA6B3641408F3B500B2476E /* FMDatabaseAdditions.m */,
				8FA6B3651408F3B500B2476E /* fmdb.m */,
				8FA6B3661408F3B500B2476E /* FMResultSet.h */,
				8FA6B3671408F3B500B2476E /* FMResultSet.m */,
			);
			path = SQLite;
			sourceTree = "<group>";
		};
		8FA6B3881408F40500B2476E /* Model */ = {
			isa = PBXGroup;
			children = (
				8FA6B36D1408F3FC00B2476E /* Agency.h */,
				8FA6B36E1408F3FC00B2476E /* Agency.m */,
				8FA6B36F1408F3FC00B2476E /* Calendar.h */,
				8FA6B3701408F3FC00B2476E /* Calendar.m */,
				8FA6B3711408F3FC00B2476E /* FareAttributes.h */,
				8FA6B3721408F3FC00B2476E /* FareAttributes.m */,
				8FA6B3731408F3FC00B2476E /* FareRules.h */,
				8FA6B3741408F3FC00B2476E /* FareRules.m */,
				8FA6B3751408F3FC00B2476E /* Route.h */,
				8FA6B3761408F3FC00B2476E /* Route.m */,
				8FA6B3771408F3FC00B2476E /* Stop.h */,
				8FA6B3781408F3FC00B2476E /* Stop.m */,
				8FA6B3791408F3FC00B2476E /* StopTime.h */,
				8FA6B37A1408F3FC00B2476E /* StopTime.m */,
				8FA6B37B1408F3FC00B2476E /* Transformations.h */,
				8FA6B37C1408F3FC00B2476E /* Transformations.m */,
				8FA6B37D1408F3FC00B2476E /* Trip.h */,
				8FA6B37E1408F3FC00B2476E /* Trip.m */,
			);
			name = Model;
			sourceTree = "<group>";
		};
		8FA6B38A1408F58900B2476E /* Resources */ = {
			isa = PBXGroup;
			children = (
				8FA6B38B1408F5AC00B2476E /* agency.txt */,
				8FA6B38C1408F5AC00B2476E /* calendar.txt */,
				8FA6B38D1408F5AC00B2476E /* fare_attributes.txt */,
				8FA6B38E1408F5AC00B2476E /* fare_rules.txt */,
				8FA6B38F1408F5AC00B2476E /* routes.txt */,
				8FA6B3901408F5AC00B2476E /* stop_times.txt */,
				8FA6B3911408F5AC00B2476E /* stops.txt */,
				8FA6B3921408F5AC00B2476E /* trips.txt */,
			);
			name = Resources;
			sourceTree = "<group>";
		};
/* End PBXGroup section */

/* Begin PBXNativeTarget section */
		8FA6B3431408F30200B2476E /* GTFSImporter */ = {
			isa = PBXNativeTarget;
			buildConfigurationList = 8FA6B3531408F30200B2476E /* Build configuration list for PBXNativeTarget "GTFSImporter" */;
			buildPhases = (
				8FA6B3401408F30200B2476E /* Sources */,
				8FA6B3411408F30200B2476E /* Frameworks */,
				8FA6B3421408F30200B2476E /* CopyFiles */,
				8FA6B3931408F8F400B2476E /* Resources */,
			);
			buildRules = (
			);
			dependencies = (
			);
			name = GTFSImporter;
			productName = GTFSImporter;
			productReference = 8FA6B3441408F30200B2476E /* GTFSImporter */;
			productType = "com.apple.product-type.tool";
		};
/* End PBXNativeTarget section */

/* Begin PBXProject section */
		8FA6B33B1408F30200B2476E /* Project object */ = {
			isa = PBXProject;
			attributes = {
				ORGANIZATIONNAME = "Adobe Systems";
			};
			buildConfigurationList = 8FA6B33E1408F30200B2476E /* Build configuration list for PBXProject "GTFSImporter" */;
			compatibilityVersion = "Xcode 3.2";
			developmentRegion = English;
			hasScannedForEncodings = 0;
			knownRegions = (
				en,
			);
			mainGroup = 8FA6B3391408F30200B2476E;
			productRefGroup = 8FA6B3451408F30200B2476E /* Products */;
			projectDirPath = "";
			projectRoot = "";
			targets = (
				8FA6B3431408F30200B2476E /* GTFSImporter */,
			);
		};
/* End PBXProject section */

/* Begin PBXResourcesBuildPhase section */
		8FA6B3931408F8F400B2476E /* Resources */ = {
			isa = PBXResourcesBuildPhase;
			buildActionMask = 2147483647;
			files = (
				8FA6B3941408F90800B2476E /* agency.txt in Resources */,
				8FA6B3951408F90800B2476E /* calendar.txt in Resources */,
				8FA6B3961408F90800B2476E /* fare_attributes.txt in Resources */,
				8FA6B3971408F90800B2476E /* fare_rules.txt in Resources */,
				8FA6B3981408F90800B2476E /* routes.txt in Resources */,
				8FA6B3991408F90800B2476E /* stop_times.txt in Resources */,
				8FA6B39A1408F90800B2476E /* stops.txt in Resources */,
				8FA6B39B1408F90800B2476E /* trips.txt in Resources */,
			);
			runOnlyForDeploymentPostprocessing = 0;
		};
/* End PBXResourcesBuildPhase section */

/* Begin PBXSourcesBuildPhase section */
		8FA6B3401408F30200B2476E /* Sources */ = {
			isa = PBXSourcesBuildPhase;
			buildActionMask = 2147483647;
			files = (
				8FA6B34C1408F30200B2476E /* main.m in Sources */,
				8FA6B35A1408F34E00B2476E /* CSVImporter.m in Sources */,
				8FA6B3681408F3B500B2476E /* CSVParser.m in Sources */,
				8FA6B3691408F3B500B2476E /* FMDatabase.m in Sources */,
				8FA6B36A1408F3B500B2476E /* FMDatabaseAdditions.m in Sources */,
				8FA6B36B1408F3B500B2476E /* fmdb.m in Sources */,
				8FA6B36C1408F3B500B2476E /* FMResultSet.m in Sources */,
				8FA6B37F1408F3FC00B2476E /* Agency.m in Sources */,
				8FA6B3801408F3FC00B2476E /* Calendar.m in Sources */,
				8FA6B3811408F3FC00B2476E /* FareAttributes.m in Sources */,
				8FA6B3821408F3FC00B2476E /* FareRules.m in Sources */,
				8FA6B3831408F3FC00B2476E /* Route.m in Sources */,
				8FA6B3841408F3FC00B2476E /* Stop.m in Sources */,
				8FA6B3851408F3FC00B2476E /* StopTime.m in Sources */,
				8FA6B3861408F3FC00B2476E /* Transformations.m in Sources */,
				8FA6B3871408F3FC00B2476E /* Trip.m in Sources */,
			);
			runOnlyForDeploymentPostprocessing = 0;
		};
/* End PBXSourcesBuildPhase section */

/* Begin XCBuildConfiguration section */
		8FA6B3511408F30200B2476E /* Debug */ = {
			isa = XCBuildConfiguration;
			buildSettings = {
				ALWAYS_SEARCH_USER_PATHS = NO;
				ARCHS = "$(ARCHS_STANDARD_64_BIT)";
				COPY_PHASE_STRIP = NO;
				GCC_C_LANGUAGE_STANDARD = gnu99;
				GCC_DYNAMIC_NO_PIC = NO;
				GCC_ENABLE_OBJC_EXCEPTIONS = YES;
				GCC_OPTIMIZATION_LEVEL = 0;
				GCC_PREPROCESSOR_DEFINITIONS = (
					"DEBUG=1",
					"$(inherited)",
				);
				GCC_SYMBOLS_PRIVATE_EXTERN = NO;
				GCC_VERSION = com.apple.compilers.llvm.clang.1_0;
				GCC_WARN_64_TO_32_BIT_CONVERSION = YES;
				GCC_WARN_ABOUT_MISSING_PROTOTYPES = YES;
				GCC_WARN_ABOUT_RETURN_TYPE = YES;
				GCC_WARN_UNUSED_VARIABLE = YES;
				MACOSX_DEPLOYMENT_TARGET = 10.7;
				ONLY_ACTIVE_ARCH = YES;
				SDKROOT = macosx;
			};
			name = Debug;
		};
		8FA6B3521408F30200B2476E /* Release */ = {
			isa = XCBuildConfiguration;
			buildSettings = {
				ALWAYS_SEARCH_USER_PATHS = NO;
				ARCHS = "$(ARCHS_STANDARD_64_BIT)";
				COPY_PHASE_STRIP = YES;
				DEBUG_INFORMATION_FORMAT = "dwarf-with-dsym";
				GCC_C_LANGUAGE_STANDARD = gnu99;
				GCC_ENABLE_OBJC_EXCEPTIONS = YES;
				GCC_VERSION = com.apple.compilers.llvm.clang.1_0;
				GCC_WARN_64_TO_32_BIT_CONVERSION = YES;
				GCC_WARN_ABOUT_MISSING_PROTOTYPES = YES;
				GCC_WARN_ABOUT_RETURN_TYPE = YES;
				GCC_WARN_UNUSED_VARIABLE = YES;
				MACOSX_DEPLOYMENT_TARGET = 10.7;
				SDKROOT = macosx;
			};
			name = Release;
		};
		8FA6B3541408F30200B2476E /* Debug */ = {
			isa = XCBuildConfiguration;
			buildSettings = {
				GCC_PRECOMPILE_PREFIX_HEADER = YES;
				GCC_PREFIX_HEADER = "GTFSImporter/GTFSImporter-Prefix.pch";
				PRODUCT_NAME = "$(TARGET_NAME)";
			};
			name = Debug;
		};
		8FA6B3551408F30200B2476E /* Release */ = {
			isa = XCBuildConfiguration;
			buildSettings = {
				GCC_PRECOMPILE_PREFIX_HEADER = YES;
				GCC_PREFIX_HEADER = "GTFSImporter/GTFSImporter-Prefix.pch";
				PRODUCT_NAME = "$(TARGET_NAME)";
			};
			name = Release;
		};
/* End XCBuildConfiguration section */

/* Begin XCConfigurationList section */
		8FA6B33E1408F30200B2476E /* Build configuration list for PBXProject "GTFSImporter" */ = {
			isa = XCConfigurationList;
			buildConfigurations = (
				8FA6B3511408F30200B2476E /* Debug */,
				8FA6B3521408F30200B2476E /* Release */,
			);
			defaultConfigurationIsVisible = 0;
			defaultConfigurationName = Release;
		};
		8FA6B3531408F30200B2476E /* Build configuration list for PBXNativeTarget "GTFSImporter" */ = {
			isa = XCConfigurationList;
			buildConfigurations = (
				8FA6B3541408F30200B2476E /* Debug */,
				8FA6B3551408F30200B2476E /* Release */,
			);
			defaultConfigurationIsVisible = 0;
		};
/* End XCConfigurationList section */
	};
	rootObject = 8FA6B33B1408F30200B2476E /* Project object */;
}
